
Microsoft Visual Studio Solution File, Format Version 12.00
# Visual Studio Version 17
VisualStudioVersion = 17.7.34003.232
MinimumVisualStudioVersion = 10.0.40219.1
Project("{FAE04EC0-301F-11D3-BF4B-00C04F79EFBC}") = "References_Jackson_Lydia", "References_Jackson_Lydia.csproj", "{C03745D1-8DCE-4E2B-B4F5-943F833509E3}"
EndProject
Global
	GlobalSection(SolutionConfigurationPlatforms) = preSolution
		Debug|Any CPU = Debug|Any CPU
		Release|Any CPU = Release|Any CPU
	EndGlobalSection
	GlobalSection(ProjectConfigurationPlatforms) = postSolution
		{C03745D1-8DCE-4E2B-B4F5-943F833509E3}.Debug|Any CPU.ActiveCfg = Debug|Any CPU
		{C03745D1-8DCE-4E2B-B4F5-943F833509E3}.Debug|Any CPU.Build.0 = Debug|Any CPU
		{C03745D1-8DCE-4E2B-B4F5-943F833509E3}.Release|Any CPU.ActiveCfg = Release|Any CPU
		{C03745D1-8DCE-4E2B-B4F5-943F833509E3}.Release|Any CPU.Build.0 = Release|Any CPU
	EndGlobalSection
	GlobalSection(SolutionProperties) = preSolution
		HideSolutionNode = FALSE
	EndGlobalSection
	GlobalSection(ExtensibilityGlobals) = postSolution
		SolutionGuid = {7B4AC1C2-0BB1-4D81-936F-2DF887E7EDB3}
	EndGlobalSection
EndGlobal
